
Microsoft Visual Studio Solution File, Format Version 12.00
# Visual Studio Version 16
VisualStudioVersion = 16.0.31702.278
MinimumVisualStudioVersion = 10.0.40219.1
Project("{FAE04EC0-301F-11D3-BF4B-00C04F79EFBC}") = "NUnitAssertions", "NUnitAssertions\NUnitAssertions.csproj", "{4CA8059C-194A-4C9B-9CE7-A2CFE4E1789A}"
EndProject
Global
	GlobalSection(SolutionConfigurationPlatforms) = preSolution
		Debug|Any CPU = Debug|Any CPU
		Release|Any CPU = Release|Any CPU
	EndGlobalSection
	GlobalSection(ProjectConfigurationPlatforms) = postSolution
		{4CA8059C-194A-4C9B-9CE7-A2CFE4E1789A}.Debug|Any CPU.ActiveCfg = Debug|Any CPU
		{4CA8059C-194A-4C9B-9CE7-A2CFE4E1789A}.Debug|Any CPU.Build.0 = Debug|Any CPU
		{4CA8059C-194A-4C9B-9CE7-A2CFE4E1789A}.Release|Any CPU.ActiveCfg = Release|Any CPU
		{4CA8059C-194A-4C9B-9CE7-A2CFE4E1789A}.Release|Any CPU.Build.0 = Release|Any CPU
	EndGlobalSection
	GlobalSection(SolutionProperties) = preSolution
		HideSolutionNode = FALSE
	EndGlobalSection
	GlobalSection(ExtensibilityGlobals) = postSolution
		SolutionGuid = {CB44247E-2A32-4DD3-82CB-5E0810C835EF}
	EndGlobalSection
EndGlobal
